
Microsoft Visual Studio Solution File, Format Version 12.00
# Visual Studio 14
VisualStudioVersion = 14.0.25420.1
MinimumVisualStudioVersion = 10.0.40219.1
Project("{151D2E53-A2C4-4D7D-83FE-D05416EBD58E}") = "MerakiWebApp", "MerakiWebApp\MerakiWebApp.deployproj", "{B113825E-5892-4049-8215-FD09333975D9}"
EndProject
Project("{151D2E53-A2C4-4D7D-83FE-D05416EBD58E}") = "MerakiSQL", "..\MerakiSQL\MerakiSQL.deployproj", "{8CE583DC-59E5-4CB4-8DC1-35ED8EB23D5D}"
EndProject
Project("{151D2E53-A2C4-4D7D-83FE-D05416EBD58E}") = "MerakiStorage", "MerakiStorage\MerakiStorage.deployproj", "{9DDEA430-51CD-4631-927F-48AC978D73CC}"
EndProject
Project("{151D2E53-A2C4-4D7D-83FE-D05416EBD58E}") = "MerakiEventHub", "MerakiEventHub\MerakiEventHub.deployproj", "{20038247-46BE-44A8-BF17-FA3A4F48E040}"
EndProject
Project("{151D2E53-A2C4-4D7D-83FE-D05416EBD58E}") = "MerakiStreamAnalytics", "MerakiStreamAnalytics\MerakiStreamAnalytics.deployproj", "{912BE44A-2DC2-4578-A5C9-3DE04B44A055}"
EndProject
Project("{FAE04EC0-301F-11D3-BF4B-00C04F79EFBC}") = "MerakiCisco", "MerakiCisco\MerakiCisco.csproj", "{C28FD561-5D11-4CD8-BA17-362DB088F2D0}"
EndProject
Project("{2150E333-8FDC-42A3-9474-1A3956D46DE8}") = "Scripts", "Scripts", "{57BAA5AE-BDF6-4074-A517-54FC8303CA6F}"
	ProjectSection(SolutionItems) = preProject
		MerakiTableCreationScript.sql = MerakiTableCreationScript.sql
		merakitestdata.json = merakitestdata.json
		StreamAnalyticsJobQuery.sql = StreamAnalyticsJobQuery.sql
	EndProjectSection
EndProject
Global
	GlobalSection(SolutionConfigurationPlatforms) = preSolution
		Debug|Any CPU = Debug|Any CPU
		Release|Any CPU = Release|Any CPU
	EndGlobalSection
	GlobalSection(ProjectConfigurationPlatforms) = postSolution
		{B113825E-5892-4049-8215-FD09333975D9}.Debug|Any CPU.ActiveCfg = Debug|Any CPU
		{B113825E-5892-4049-8215-FD09333975D9}.Debug|Any CPU.Build.0 = Debug|Any CPU
		{B113825E-5892-4049-8215-FD09333975D9}.Release|Any CPU.ActiveCfg = Release|Any CPU
		{B113825E-5892-4049-8215-FD09333975D9}.Release|Any CPU.Build.0 = Release|Any CPU
		{8CE583DC-59E5-4CB4-8DC1-35ED8EB23D5D}.Debug|Any CPU.ActiveCfg = Debug|Any CPU
		{8CE583DC-59E5-4CB4-8DC1-35ED8EB23D5D}.Debug|Any CPU.Build.0 = Debug|Any CPU
		{8CE583DC-59E5-4CB4-8DC1-35ED8EB23D5D}.Release|Any CPU.ActiveCfg = Release|Any CPU
		{8CE583DC-59E5-4CB4-8DC1-35ED8EB23D5D}.Release|Any CPU.Build.0 = Release|Any CPU
		{9DDEA430-51CD-4631-927F-48AC978D73CC}.Debug|Any CPU.ActiveCfg = Debug|Any CPU
		{9DDEA430-51CD-4631-927F-48AC978D73CC}.Debug|Any CPU.Build.0 = Debug|Any CPU
		{9DDEA430-51CD-4631-927F-48AC978D73CC}.Release|Any CPU.ActiveCfg = Release|Any CPU
		{9DDEA430-51CD-4631-927F-48AC978D73CC}.Release|Any CPU.Build.0 = Release|Any CPU
		{20038247-46BE-44A8-BF17-FA3A4F48E040}.Debug|Any CPU.ActiveCfg = Debug|Any CPU
		{20038247-46BE-44A8-BF17-FA3A4F48E040}.Debug|Any CPU.Build.0 = Debug|Any CPU
		{20038247-46BE-44A8-BF17-FA3A4F48E040}.Release|Any CPU.ActiveCfg = Release|Any CPU
		{20038247-46BE-44A8-BF17-FA3A4F48E040}.Release|Any CPU.Build.0 = Release|Any CPU
		{912BE44A-2DC2-4578-A5C9-3DE04B44A055}.Debug|Any CPU.ActiveCfg = Debug|Any CPU
		{912BE44A-2DC2-4578-A5C9-3DE04B44A055}.Debug|Any CPU.Build.0 = Debug|Any CPU
		{912BE44A-2DC2-4578-A5C9-3DE04B44A055}.Release|Any CPU.ActiveCfg = Release|Any CPU
		{912BE44A-2DC2-4578-A5C9-3DE04B44A055}.Release|Any CPU.Build.0 = Release|Any CPU
		{C28FD561-5D11-4CD8-BA17-362DB088F2D0}.Debug|Any CPU.ActiveCfg = Debug|Any CPU
		{C28FD561-5D11-4CD8-BA17-362DB088F2D0}.Debug|Any CPU.Build.0 = Debug|Any CPU
		{C28FD561-5D11-4CD8-BA17-362DB088F2D0}.Release|Any CPU.ActiveCfg = Release|Any CPU
		{C28FD561-5D11-4CD8-BA17-362DB088F2D0}.Release|Any CPU.Build.0 = Release|Any CPU
	EndGlobalSection
	GlobalSection(SolutionProperties) = preSolution
		HideSolutionNode = FALSE
	EndGlobalSection
EndGlobal
